
Microsoft Visual Studio Solution File, Format Version 12.00
# Visual Studio Version 16
VisualStudioVersion = 16.0.31424.327
MinimumVisualStudioVersion = 10.0.40219.1
Project("{FAE04EC0-301F-11D3-BF4B-00C04F79EFBC}") = "QuanLySach", "QuanLySach\QuanLySach.csproj", "{DBA4DDF3-6C88-42AC-BA7A-8C41F22932D1}"
EndProject
Global
	GlobalSection(SolutionConfigurationPlatforms) = preSolution
		Debug|Any CPU = Debug|Any CPU
		Release|Any CPU = Release|Any CPU
	EndGlobalSection
	GlobalSection(ProjectConfigurationPlatforms) = postSolution
		{DBA4DDF3-6C88-42AC-BA7A-8C41F22932D1}.Debug|Any CPU.ActiveCfg = Debug|Any CPU
		{DBA4DDF3-6C88-42AC-BA7A-8C41F22932D1}.Debug|Any CPU.Build.0 = Debug|Any CPU
		{DBA4DDF3-6C88-42AC-BA7A-8C41F22932D1}.Release|Any CPU.ActiveCfg = Release|Any CPU
		{DBA4DDF3-6C88-42AC-BA7A-8C41F22932D1}.Release|Any CPU.Build.0 = Release|Any CPU
	EndGlobalSection
	GlobalSection(SolutionProperties) = preSolution
		HideSolutionNode = FALSE
	EndGlobalSection
	GlobalSection(ExtensibilityGlobals) = postSolution
		SolutionGuid = {63732452-78F7-4A57-8D0F-D502233873AA}
	EndGlobalSection
EndGlobal
